
Microsoft Visual Studio Solution File, Format Version 12.00
# Visual Studio Version 17
VisualStudioVersion = 17.1.32319.34
MinimumVisualStudioVersion = 10.0.40219.1
Project("{9A19103F-16F7-4668-BE54-9A1E7A4F7556}") = "vortex.GRPC", "vortex.GRPC\vortex.GRPC.csproj", "{785D9BF1-72BC-4D2F-AF33-29B5DDCCB542}"
EndProject
Project("{9A19103F-16F7-4668-BE54-9A1E7A4F7556}") = "vortex.Server", "vortex.Server\vortex.Server.csproj", "{E7144C38-B457-4C3C-A50B-133F84525B56}"
EndProject
Project("{9A19103F-16F7-4668-BE54-9A1E7A4F7556}") = "vortex.State", "vortex.State\vortex.State.csproj", "{AE85DFD9-E103-4D23-A672-8DE62D3D278E}"
EndProject
Project("{9A19103F-16F7-4668-BE54-9A1E7A4F7556}") = "vortex.API", "vortex.API\vortex.API.csproj", "{FF6C8314-AE25-4728-A476-EFD3B8C67B6C}"
EndProject
Project("{FAE04EC0-301F-11D3-BF4B-00C04F79EFBC}") = "HPODPrinterUI", "HPODPrinterUI\HPODPrinterUI.csproj", "{E60887AF-8E84-46D8-B856-11CC59815489}"
EndProject
Project("{9A19103F-16F7-4668-BE54-9A1E7A4F7556}") = "vortex.Service", "vortex.Service\vortex.Service.csproj", "{5D0A493F-CC70-4557-BDA1-36588E03B135}"
EndProject
Project("{9A19103F-16F7-4668-BE54-9A1E7A4F7556}") = "vortex.Common", "vortex.Common\vortex.Common.csproj", "{3736E682-57C8-4DD9-9616-7269159A2A7A}"
EndProject
Project("{9A19103F-16F7-4668-BE54-9A1E7A4F7556}") = "vortex.LogViewer", "vortex.LogViewer\vortex.LogViewer.csproj", "{F5786A4A-484C-46FA-83DF-F95CB7AB2873}"
EndProject
Project("{FAE04EC0-301F-11D3-BF4B-00C04F79EFBC}") = "vortex.Submit", "vortex.Submit\vortex.Submit.csproj", "{60999AD4-3A97-467A-BE59-7824D572F215}"
EndProject
Project("{9A19103F-16F7-4668-BE54-9A1E7A4F7556}") = "vortex.CLI", "cli\vortex.CLI\vortex.CLI.csproj", "{5A37AFA5-67F5-4D10-91C8-C0BF6F53E162}"
EndProject
Project("{FAE04EC0-301F-11D3-BF4B-00C04F79EFBC}") = "vortex.UI", "vortex.UI\vortex.UI.csproj", "{66555FF2-E527-43C0-AE10-EB62A6C03D02}"
EndProject
Project("{2150E333-8FDC-42A3-9474-1A3956D46DE8}") = "core", "core", "{8009DC24-EEB6-4FE1-B3A3-E171FC7169E0}"
EndProject
Project("{2150E333-8FDC-42A3-9474-1A3956D46DE8}") = "ui", "ui", "{231566DB-22BD-4828-9ED0-BC1425F218B3}"
EndProject
Project("{2150E333-8FDC-42A3-9474-1A3956D46DE8}") = "common", "common", "{3F13EE48-631E-44C8-8DBD-2A6FF610AC0C}"
EndProject
Project("{9A19103F-16F7-4668-BE54-9A1E7A4F7556}") = "vortex.Manager", "vortex.Manager\vortex.Manager.csproj", "{143C81DE-3879-4485-9E5E-187679160056}"
EndProject
Global
	GlobalSection(SolutionConfigurationPlatforms) = preSolution
		Debug|Any CPU = Debug|Any CPU
		Debug|ARM64 = Debug|ARM64
		Debug|x64 = Debug|x64
		Debug|x86 = Debug|x86
		Release|Any CPU = Release|Any CPU
		Release|ARM64 = Release|ARM64
		Release|x64 = Release|x64
		Release|x86 = Release|x86
	EndGlobalSection
	GlobalSection(ProjectConfigurationPlatforms) = postSolution
		{785D9BF1-72BC-4D2F-AF33-29B5DDCCB542}.Debug|Any CPU.ActiveCfg = Debug|Any CPU
		{785D9BF1-72BC-4D2F-AF33-29B5DDCCB542}.Debug|Any CPU.Build.0 = Debug|Any CPU
		{785D9BF1-72BC-4D2F-AF33-29B5DDCCB542}.Debug|ARM64.ActiveCfg = Debug|Any CPU
		{785D9BF1-72BC-4D2F-AF33-29B5DDCCB542}.Debug|ARM64.Build.0 = Debug|Any CPU
		{785D9BF1-72BC-4D2F-AF33-29B5DDCCB542}.Debug|x64.ActiveCfg = Debug|Any CPU
		{785D9BF1-72BC-4D2F-AF33-29B5DDCCB542}.Debug|x64.Build.0 = Debug|Any CPU
		{785D9BF1-72BC-4D2F-AF33-29B5DDCCB542}.Debug|x86.ActiveCfg = Debug|Any CPU
		{785D9BF1-72BC-4D2F-AF33-29B5DDCCB542}.Debug|x86.Build.0 = Debug|Any CPU
		{785D9BF1-72BC-4D2F-AF33-29B5DDCCB542}.Release|Any CPU.ActiveCfg = Release|Any CPU
		{785D9BF1-72BC-4D2F-AF33-29B5DDCCB542}.Release|Any CPU.Build.0 = Release|Any CPU
		{785D9BF1-72BC-4D2F-AF33-29B5DDCCB542}.Release|ARM64.ActiveCfg = Release|Any CPU
		{785D9BF1-72BC-4D2F-AF33-29B5DDCCB542}.Release|ARM64.Build.0 = Release|Any CPU
		{785D9BF1-72BC-4D2F-AF33-29B5DDCCB542}.Release|x64.ActiveCfg = Release|Any CPU
		{785D9BF1-72BC-4D2F-AF33-29B5DDCCB542}.Release|x64.Build.0 = Release|Any CPU
		{785D9BF1-72BC-4D2F-AF33-29B5DDCCB542}.Release|x86.ActiveCfg = Release|Any CPU
		{785D9BF1-72BC-4D2F-AF33-29B5DDCCB542}.Release|x86.Build.0 = Release|Any CPU
		{E7144C38-B457-4C3C-A50B-133F84525B56}.Debug|Any CPU.ActiveCfg = Debug|Any CPU
		{E7144C38-B457-4C3C-A50B-133F84525B56}.Debug|Any CPU.Build.0 = Debug|Any CPU
		{E7144C38-B457-4C3C-A50B-133F84525B56}.Debug|ARM64.ActiveCfg = Debug|Any CPU
		{E7144C38-B457-4C3C-A50B-133F84525B56}.Debug|ARM64.Build.0 = Debug|Any CPU
		{E7144C38-B457-4C3C-A50B-133F84525B56}.Debug|x64.ActiveCfg = Debug|Any CPU
		{E7144C38-B457-4C3C-A50B-133F84525B56}.Debug|x64.Build.0 = Debug|Any CPU
		{E7144C38-B457-4C3C-A50B-133F84525B56}.Debug|x86.ActiveCfg = Debug|Any CPU
		{E7144C38-B457-4C3C-A50B-133F84525B56}.Debug|x86.Build.0 = Debug|Any CPU
		{E7144C38-B457-4C3C-A50B-133F84525B56}.Release|Any CPU.ActiveCfg = Release|Any CPU
		{E7144C38-B457-4C3C-A50B-133F84525B56}.Release|Any CPU.Build.0 = Release|Any CPU
		{E7144C38-B457-4C3C-A50B-133F84525B56}.Release|ARM64.ActiveCfg = Release|Any CPU
		{E7144C38-B457-4C3C-A50B-133F84525B56}.Release|ARM64.Build.0 = Release|Any CPU
		{E7144C38-B457-4C3C-A50B-133F84525B56}.Release|x64.ActiveCfg = Release|Any CPU
		{E7144C38-B457-4C3C-A50B-133F84525B56}.Release|x64.Build.0 = Release|Any CPU
		{E7144C38-B457-4C3C-A50B-133F84525B56}.Release|x86.ActiveCfg = Release|Any CPU
		{E7144C38-B457-4C3C-A50B-133F84525B56}.Release|x86.Build.0 = Release|Any CPU
		{AE85DFD9-E103-4D23-A672-8DE62D3D278E}.Debug|Any CPU.ActiveCfg = Debug|Any CPU
		{AE85DFD9-E103-4D23-A672-8DE62D3D278E}.Debug|Any CPU.Build.0 = Debug|Any CPU
		{AE85DFD9-E103-4D23-A672-8DE62D3D278E}.Debug|ARM64.ActiveCfg = Debug|Any CPU
		{AE85DFD9-E103-4D23-A672-8DE62D3D278E}.Debug|ARM64.Build.0 = Debug|Any CPU
		{AE85DFD9-E103-4D23-A672-8DE62D3D278E}.Debug|x64.ActiveCfg = Debug|Any CPU
		{AE85DFD9-E103-4D23-A672-8DE62D3D278E}.Debug|x64.Build.0 = Debug|Any CPU
		{AE85DFD9-E103-4D23-A672-8DE62D3D278E}.Debug|x86.ActiveCfg = Debug|Any CPU
		{AE85DFD9-E103-4D23-A672-8DE62D3D278E}.Debug|x86.Build.0 = Debug|Any CPU
		{AE85DFD9-E103-4D23-A672-8DE62D3D278E}.Release|Any CPU.ActiveCfg = Release|Any CPU
		{AE85DFD9-E103-4D23-A672-8DE62D3D278E}.Release|Any CPU.Build.0 = Release|Any CPU
		{AE85DFD9-E103-4D23-A672-8DE62D3D278E}.Release|ARM64.ActiveCfg = Release|Any CPU
		{AE85DFD9-E103-4D23-A672-8DE62D3D278E}.Release|ARM64.Build.0 = Release|Any CPU
		{AE85DFD9-E103-4D23-A672-8DE62D3D278E}.Release|x64.ActiveCfg = Release|Any CPU
		{AE85DFD9-E103-4D23-A672-8DE62D3D278E}.Release|x64.Build.0 = Release|Any CPU
		{AE85DFD9-E103-4D23-A672-8DE62D3D278E}.Release|x86.ActiveCfg = Release|Any CPU
		{AE85DFD9-E103-4D23-A672-8DE62D3D278E}.Release|x86.Build.0 = Release|Any CPU
		{FF6C8314-AE25-4728-A476-EFD3B8C67B6C}.Debug|Any CPU.ActiveCfg = Debug|Any CPU
		{FF6C8314-AE25-4728-A476-EFD3B8C67B6C}.Debug|Any CPU.Build.0 = Debug|Any CPU
		{FF6C8314-AE25-4728-A476-EFD3B8C67B6C}.Debug|ARM64.ActiveCfg = Debug|Any CPU
		{FF6C8314-AE25-4728-A476-EFD3B8C67B6C}.Debug|ARM64.Build.0 = Debug|Any CPU
		{FF6C8314-AE25-4728-A476-EFD3B8C67B6C}.Debug|x64.ActiveCfg = Debug|Any CPU
		{FF6C8314-AE25-4728-A476-EFD3B8C67B6C}.Debug|x64.Build.0 = Debug|Any CPU
		{FF6C8314-AE25-4728-A476-EFD3B8C67B6C}.Debug|x86.ActiveCfg = Debug|Any CPU
		{FF6C8314-AE25-4728-A476-EFD3B8C67B6C}.Debug|x86.Build.0 = Debug|Any CPU
		{FF6C8314-AE25-4728-A476-EFD3B8C67B6C}.Release|Any CPU.ActiveCfg = Release|Any CPU
		{FF6C8314-AE25-4728-A476-EFD3B8C67B6C}.Release|Any CPU.Build.0 = Release|Any CPU
		{FF6C8314-AE25-4728-A476-EFD3B8C67B6C}.Release|ARM64.ActiveCfg = Release|Any CPU
		{FF6C8314-AE25-4728-A476-EFD3B8C67B6C}.Release|ARM64.Build.0 = Release|Any CPU
		{FF6C8314-AE25-4728-A476-EFD3B8C67B6C}.Release|x64.ActiveCfg = Release|Any CPU
		{FF6C8314-AE25-4728-A476-EFD3B8C67B6C}.Release|x64.Build.0 = Release|Any CPU
		{FF6C8314-AE25-4728-A476-EFD3B8C67B6C}.Release|x86.ActiveCfg = Release|Any CPU
		{FF6C8314-AE25-4728-A476-EFD3B8C67B6C}.Release|x86.Build.0 = Release|Any CPU
		{E60887AF-8E84-46D8-B856-11CC59815489}.Debug|Any CPU.ActiveCfg = Debug|Any CPU
		{E60887AF-8E84-46D8-B856-11CC59815489}.Debug|Any CPU.Build.0 = Debug|Any CPU
		{E60887AF-8E84-46D8-B856-11CC59815489}.Debug|ARM64.ActiveCfg = Debug|Any CPU
		{E60887AF-8E84-46D8-B856-11CC59815489}.Debug|ARM64.Build.0 = Debug|Any CPU
		{E60887AF-8E84-46D8-B856-11CC59815489}.Debug|x64.ActiveCfg = Debug|Any CPU
		{E60887AF-8E84-46D8-B856-11CC59815489}.Debug|x64.Build.0 = Debug|Any CPU
		{E60887AF-8E84-46D8-B856-11CC59815489}.Debug|x86.ActiveCfg = Debug|Any CPU
		{E60887AF-8E84-46D8-B856-11CC59815489}.Debug|x86.Build.0 = Debug|Any CPU
		{E60887AF-8E84-46D8-B856-11CC59815489}.Release|Any CPU.ActiveCfg = Release|Any CPU
		{E60887AF-8E84-46D8-B856-11CC59815489}.Release|Any CPU.Build.0 = Release|Any CPU
		{E60887AF-8E84-46D8-B856-11CC59815489}.Release|ARM64.ActiveCfg = Release|Any CPU
		{E60887AF-8E84-46D8-B856-11CC59815489}.Release|ARM64.Build.0 = Release|Any CPU
		{E60887AF-8E84-46D8-B856-11CC59815489}.Release|x64.ActiveCfg = Release|Any CPU
		{E60887AF-8E84-46D8-B856-11CC59815489}.Release|x64.Build.0 = Release|Any CPU
		{E60887AF-8E84-46D8-B856-11CC59815489}.Release|x86.ActiveCfg = Release|Any CPU
		{E60887AF-8E84-46D8-B856-11CC59815489}.Release|x86.Build.0 = Release|Any CPU
		{5D0A493F-CC70-4557-BDA1-36588E03B135}.Debug|Any CPU.ActiveCfg = Debug|Any CPU
		{5D0A493F-CC70-4557-BDA1-36588E03B135}.Debug|Any CPU.Build.0 = Debug|Any CPU
		{5D0A493F-CC70-4557-BDA1-36588E03B135}.Debug|ARM64.ActiveCfg = Debug|Any CPU
		{5D0A493F-CC70-4557-BDA1-36588E03B135}.Debug|ARM64.Build.0 = Debug|Any CPU
		{5D0A493F-CC70-4557-BDA1-36588E03B135}.Debug|x64.ActiveCfg = Debug|Any CPU
		{5D0A493F-CC70-4557-BDA1-36588E03B135}.Debug|x64.Build.0 = Debug|Any CPU
		{5D0A493F-CC70-4557-BDA1-36588E03B135}.Debug|x86.ActiveCfg = Debug|Any CPU
		{5D0A493F-CC70-4557-BDA1-36588E03B135}.Debug|x86.Build.0 = Debug|Any CPU
		{5D0A493F-CC70-4557-BDA1-36588E03B135}.Release|Any CPU.ActiveCfg = Release|Any CPU
		{5D0A493F-CC70-4557-BDA1-36588E03B135}.Release|Any CPU.Build.0 = Release|Any CPU
		{5D0A493F-CC70-4557-BDA1-36588E03B135}.Release|ARM64.ActiveCfg = Release|Any CPU
		{5D0A493F-CC70-4557-BDA1-36588E03B135}.Release|ARM64.Build.0 = Release|Any CPU
		{5D0A493F-CC70-4557-BDA1-36588E03B135}.Release|x64.ActiveCfg = Release|Any CPU
		{5D0A493F-CC70-4557-BDA1-36588E03B135}.Release|x64.Build.0 = Release|Any CPU
		{5D0A493F-CC70-4557-BDA1-36588E03B135}.Release|x86.ActiveCfg = Release|Any CPU
		{5D0A493F-CC70-4557-BDA1-36588E03B135}.Release|x86.Build.0 = Release|Any CPU
		{3736E682-57C8-4DD9-9616-7269159A2A7A}.Debug|Any CPU.ActiveCfg = Debug|Any CPU
		{3736E682-57C8-4DD9-9616-7269159A2A7A}.Debug|Any CPU.Build.0 = Debug|Any CPU
		{3736E682-57C8-4DD9-9616-7269159A2A7A}.Debug|ARM64.ActiveCfg = Debug|Any CPU
		{3736E682-57C8-4DD9-9616-7269159A2A7A}.Debug|ARM64.Build.0 = Debug|Any CPU
		{3736E682-57C8-4DD9-9616-7269159A2A7A}.Debug|x64.ActiveCfg = Debug|Any CPU
		{3736E682-57C8-4DD9-9616-7269159A2A7A}.Debug|x64.Build.0 = Debug|Any CPU
		{3736E682-57C8-4DD9-9616-7269159A2A7A}.Debug|x86.ActiveCfg = Debug|Any CPU
		{3736E682-57C8-4DD9-9616-7269159A2A7A}.Debug|x86.Build.0 = Debug|Any CPU
		{3736E682-57C8-4DD9-9616-7269159A2A7A}.Release|Any CPU.ActiveCfg = Release|Any CPU
		{3736E682-57C8-4DD9-9616-7269159A2A7A}.Release|Any CPU.Build.0 = Release|Any CPU
		{3736E682-57C8-4DD9-9616-7269159A2A7A}.Release|ARM64.ActiveCfg = Release|Any CPU
		{3736E682-57C8-4DD9-9616-7269159A2A7A}.Release|ARM64.Build.0 = Release|Any CPU
		{3736E682-57C8-4DD9-9616-7269159A2A7A}.Release|x64.ActiveCfg = Release|Any CPU
		{3736E682-57C8-4DD9-9616-7269159A2A7A}.Release|x64.Build.0 = Release|Any CPU
		{3736E682-57C8-4DD9-9616-7269159A2A7A}.Release|x86.ActiveCfg = Release|Any CPU
		{3736E682-57C8-4DD9-9616-7269159A2A7A}.Release|x86.Build.0 = Release|Any CPU
		{F5786A4A-484C-46FA-83DF-F95CB7AB2873}.Debug|Any CPU.ActiveCfg = Debug|Any CPU
		{F5786A4A-484C-46FA-83DF-F95CB7AB2873}.Debug|Any CPU.Build.0 = Debug|Any CPU
		{F5786A4A-484C-46FA-83DF-F95CB7AB2873}.Debug|ARM64.ActiveCfg = Debug|Any CPU
		{F5786A4A-484C-46FA-83DF-F95CB7AB2873}.Debug|ARM64.Build.0 = Debug|Any CPU
		{F5786A4A-484C-46FA-83DF-F95CB7AB2873}.Debug|x64.ActiveCfg = Debug|Any CPU
		{F5786A4A-484C-46FA-83DF-F95CB7AB2873}.Debug|x64.Build.0 = Debug|Any CPU
		{F5786A4A-484C-46FA-83DF-F95CB7AB2873}.Debug|x86.ActiveCfg = Debug|Any CPU
		{F5786A4A-484C-46FA-83DF-F95CB7AB2873}.Debug|x86.Build.0 = Debug|Any CPU
		{F5786A4A-484C-46FA-83DF-F95CB7AB2873}.Release|Any CPU.ActiveCfg = Release|Any CPU
		{F5786A4A-484C-46FA-83DF-F95CB7AB2873}.Release|Any CPU.Build.0 = Release|Any CPU
		{F5786A4A-484C-46FA-83DF-F95CB7AB2873}.Release|ARM64.ActiveCfg = Release|Any CPU
		{F5786A4A-484C-46FA-83DF-F95CB7AB2873}.Release|ARM64.Build.0 = Release|Any CPU
		{F5786A4A-484C-46FA-83DF-F95CB7AB2873}.Release|x64.ActiveCfg = Release|Any CPU
		{F5786A4A-484C-46FA-83DF-F95CB7AB2873}.Release|x64.Build.0 = Release|Any CPU
		{F5786A4A-484C-46FA-83DF-F95CB7AB2873}.Release|x86.ActiveCfg = Release|Any CPU
		{F5786A4A-484C-46FA-83DF-F95CB7AB2873}.Release|x86.Build.0 = Release|Any CPU
		{60999AD4-3A97-467A-BE59-7824D572F215}.Debug|Any CPU.ActiveCfg = Debug|Any CPU
		{60999AD4-3A97-467A-BE59-7824D572F215}.Debug|Any CPU.Build.0 = Debug|Any CPU
		{60999AD4-3A97-467A-BE59-7824D572F215}.Debug|ARM64.ActiveCfg = Debug|Any CPU
		{60999AD4-3A97-467A-BE59-7824D572F215}.Debug|ARM64.Build.0 = Debug|Any CPU
		{60999AD4-3A97-467A-BE59-7824D572F215}.Debug|x64.ActiveCfg = Debug|Any CPU
		{60999AD4-3A97-467A-BE59-7824D572F215}.Debug|x64.Build.0 = Debug|Any CPU
		{60999AD4-3A97-467A-BE59-7824D572F215}.Debug|x86.ActiveCfg = Debug|Any CPU
		{60999AD4-3A97-467A-BE59-7824D572F215}.Debug|x86.Build.0 = Debug|Any CPU
		{60999AD4-3A97-467A-BE59-7824D572F215}.Release|Any CPU.ActiveCfg = Release|Any CPU
		{60999AD4-3A97-467A-BE59-7824D572F215}.Release|Any CPU.Build.0 = Release|Any CPU
		{60999AD4-3A97-467A-BE59-7824D572F215}.Release|ARM64.ActiveCfg = Release|Any CPU
		{60999AD4-3A97-467A-BE59-7824D572F215}.Release|ARM64.Build.0 = Release|Any CPU
		{60999AD4-3A97-467A-BE59-7824D572F215}.Release|x64.ActiveCfg = Release|Any CPU
		{60999AD4-3A97-467A-BE59-7824D572F215}.Release|x64.Build.0 = Release|Any CPU
		{60999AD4-3A97-467A-BE59-7824D572F215}.Release|x86.ActiveCfg = Release|Any CPU
		{60999AD4-3A97-467A-BE59-7824D572F215}.Release|x86.Build.0 = Release|Any CPU
		{5A37AFA5-67F5-4D10-91C8-C0BF6F53E162}.Debug|Any CPU.ActiveCfg = Debug|Any CPU
		{5A37AFA5-67F5-4D10-91C8-C0BF6F53E162}.Debug|Any CPU.Build.0 = Debug|Any CPU
		{5A37AFA5-67F5-4D10-91C8-C0BF6F53E162}.Debug|ARM64.ActiveCfg = Debug|Any CPU
		{5A37AFA5-67F5-4D10-91C8-C0BF6F53E162}.Debug|ARM64.Build.0 = Debug|Any CPU
		{5A37AFA5-67F5-4D10-91C8-C0BF6F53E162}.Debug|x64.ActiveCfg = Debug|Any CPU
		{5A37AFA5-67F5-4D10-91C8-C0BF6F53E162}.Debug|x64.Build.0 = Debug|Any CPU
		{5A37AFA5-67F5-4D10-91C8-C0BF6F53E162}.Debug|x86.ActiveCfg = Debug|Any CPU
		{5A37AFA5-67F5-4D10-91C8-C0BF6F53E162}.Debug|x86.Build.0 = Debug|Any CPU
		{5A37AFA5-67F5-4D10-91C8-C0BF6F53E162}.Release|Any CPU.ActiveCfg = Release|Any CPU
		{5A37AFA5-67F5-4D10-91C8-C0BF6F53E162}.Release|Any CPU.Build.0 = Release|Any CPU
		{5A37AFA5-67F5-4D10-91C8-C0BF6F53E162}.Release|ARM64.ActiveCfg = Release|Any CPU
		{5A37AFA5-67F5-4D10-91C8-C0BF6F53E162}.Release|ARM64.Build.0 = Release|Any CPU
		{5A37AFA5-67F5-4D10-91C8-C0BF6F53E162}.Release|x64.ActiveCfg = Release|Any CPU
		{5A37AFA5-67F5-4D10-91C8-C0BF6F53E162}.Release|x64.Build.0 = Release|Any CPU
		{5A37AFA5-67F5-4D10-91C8-C0BF6F53E162}.Release|x86.ActiveCfg = Release|Any CPU
		{5A37AFA5-67F5-4D10-91C8-C0BF6F53E162}.Release|x86.Build.0 = Release|Any CPU
		{66555FF2-E527-43C0-AE10-EB62A6C03D02}.Debug|Any CPU.ActiveCfg = Debug|Any CPU
		{66555FF2-E527-43C0-AE10-EB62A6C03D02}.Debug|Any CPU.Build.0 = Debug|Any CPU
		{66555FF2-E527-43C0-AE10-EB62A6C03D02}.Debug|ARM64.ActiveCfg = Debug|Any CPU
		{66555FF2-E527-43C0-AE10-EB62A6C03D02}.Debug|ARM64.Build.0 = Debug|Any CPU
		{66555FF2-E527-43C0-AE10-EB62A6C03D02}.Debug|x64.ActiveCfg = Debug|Any CPU
		{66555FF2-E527-43C0-AE10-EB62A6C03D02}.Debug|x64.Build.0 = Debug|Any CPU
		{66555FF2-E527-43C0-AE10-EB62A6C03D02}.Debug|x86.ActiveCfg = Debug|Any CPU
		{66555FF2-E527-43C0-AE10-EB62A6C03D02}.Debug|x86.Build.0 = Debug|Any CPU
		{66555FF2-E527-43C0-AE10-EB62A6C03D02}.Release|Any CPU.ActiveCfg = Release|Any CPU
		{66555FF2-E527-43C0-AE10-EB62A6C03D02}.Release|Any CPU.Build.0 = Release|Any CPU
		{66555FF2-E527-43C0-AE10-EB62A6C03D02}.Release|ARM64.ActiveCfg = Release|Any CPU
		{66555FF2-E527-43C0-AE10-EB62A6C03D02}.Release|ARM64.Build.0 = Release|Any CPU
		{66555FF2-E527-43C0-AE10-EB62A6C03D02}.Release|x64.ActiveCfg = Release|Any CPU
		{66555FF2-E527-43C0-AE10-EB62A6C03D02}.Release|x64.Build.0 = Release|Any CPU
		{66555FF2-E527-43C0-AE10-EB62A6C03D02}.Release|x86.ActiveCfg = Release|Any CPU
		{66555FF2-E527-43C0-AE10-EB62A6C03D02}.Release|x86.Build.0 = Release|Any CPU
		{143C81DE-3879-4485-9E5E-187679160056}.Debug|Any CPU.ActiveCfg = Debug|Any CPU
		{143C81DE-3879-4485-9E5E-187679160056}.Debug|Any CPU.Build.0 = Debug|Any CPU
		{143C81DE-3879-4485-9E5E-187679160056}.Debug|ARM64.ActiveCfg = Debug|Any CPU
		{143C81DE-3879-4485-9E5E-187679160056}.Debug|ARM64.Build.0 = Debug|Any CPU
		{143C81DE-3879-4485-9E5E-187679160056}.Debug|x64.ActiveCfg = Debug|Any CPU
		{143C81DE-3879-4485-9E5E-187679160056}.Debug|x64.Build.0 = Debug|Any CPU
		{143C81DE-3879-4485-9E5E-187679160056}.Debug|x86.ActiveCfg = Debug|Any CPU
		{143C81DE-3879-4485-9E5E-187679160056}.Debug|x86.Build.0 = Debug|Any CPU
		{143C81DE-3879-4485-9E5E-187679160056}.Release|Any CPU.ActiveCfg = Release|Any CPU
		{143C81DE-3879-4485-9E5E-187679160056}.Release|Any CPU.Build.0 = Release|Any CPU
		{143C81DE-3879-4485-9E5E-187679160056}.Release|ARM64.ActiveCfg = Release|Any CPU
		{143C81DE-3879-4485-9E5E-187679160056}.Release|ARM64.Build.0 = Release|Any CPU
		{143C81DE-3879-4485-9E5E-187679160056}.Release|x64.ActiveCfg = Release|Any CPU
		{143C81DE-3879-4485-9E5E-187679160056}.Release|x64.Build.0 = Release|Any CPU
		{143C81DE-3879-4485-9E5E-187679160056}.Release|x86.ActiveCfg = Release|Any CPU
		{143C81DE-3879-4485-9E5E-187679160056}.Release|x86.Build.0 = Release|Any CPU
	EndGlobalSection
	GlobalSection(SolutionProperties) = preSolution
		HideSolutionNode = FALSE
	EndGlobalSection
	GlobalSection(NestedProjects) = preSolution
		{785D9BF1-72BC-4D2F-AF33-29B5DDCCB542} = {8009DC24-EEB6-4FE1-B3A3-E171FC7169E0}
		{E7144C38-B457-4C3C-A50B-133F84525B56} = {8009DC24-EEB6-4FE1-B3A3-E171FC7169E0}
		{AE85DFD9-E103-4D23-A672-8DE62D3D278E} = {3F13EE48-631E-44C8-8DBD-2A6FF610AC0C}
		{FF6C8314-AE25-4728-A476-EFD3B8C67B6C} = {8009DC24-EEB6-4FE1-B3A3-E171FC7169E0}
		{E60887AF-8E84-46D8-B856-11CC59815489} = {231566DB-22BD-4828-9ED0-BC1425F218B3}
		{5D0A493F-CC70-4557-BDA1-36588E03B135} = {8009DC24-EEB6-4FE1-B3A3-E171FC7169E0}
		{3736E682-57C8-4DD9-9616-7269159A2A7A} = {8009DC24-EEB6-4FE1-B3A3-E171FC7169E0}
		{F5786A4A-484C-46FA-83DF-F95CB7AB2873} = {231566DB-22BD-4828-9ED0-BC1425F218B3}
		{60999AD4-3A97-467A-BE59-7824D572F215} = {231566DB-22BD-4828-9ED0-BC1425F218B3}
		{5A37AFA5-67F5-4D10-91C8-C0BF6F53E162} = {231566DB-22BD-4828-9ED0-BC1425F218B3}
		{66555FF2-E527-43C0-AE10-EB62A6C03D02} = {231566DB-22BD-4828-9ED0-BC1425F218B3}
		{143C81DE-3879-4485-9E5E-187679160056} = {231566DB-22BD-4828-9ED0-BC1425F218B3}
	EndGlobalSection
	GlobalSection(ExtensibilityGlobals) = postSolution
		SolutionGuid = {034FF2A4-92CF-44B1-B922-B86D74DC9E28}
	EndGlobalSection
EndGlobal
